PODS:
  - Flutter (1.0.0)
  - flutter_inappwebview (0.0.1):
    - Flutter
    - flutter_inappwebview/Core (= 0.0.1)
    - OrderedSet (~> 5.0)
  - flutter_inappwebview/Core (0.0.1):
    - Flutter
    - OrderedSet (~> 5.0)
  - flutter_native_image (0.0.1):
    - Flutter
  - fluwx (0.0.1):
    - Flutter
    - WechatOpenSDK (= 1.8.7.1)
  - image_picker (0.0.1):
    - Flutter
  - JCore (2.4.0)
  - JMLink (1.2.0):
    - JCore (< 3.0.0, >= 2.0.0)
  - jmlink_flutter_plugin (0.0.1):
    - Flutter
    - JMLink (= 1.2.0)
  - JPush (3.4.0):
    - JCore (< 3.0.0, >= 2.0.0)
  - jpush_flutter (0.0.2):
    - Flutter
    - JCore (= 2.4.0)
    - JPush (= 3.4.0)
  - OrderedSet (5.0.0)
  - package_info (0.0.1):
    - Flutter
  - path_provider (0.0.1):
    - Flutter
  - "permission_handler (5.1.0+2)":
    - Flutter
  - shared_preferences (0.0.1):
    - Flutter
  - syncfusion_flutter_pdfviewer (0.0.1):
    - Flutter
  - url_launcher (0.0.1):
    - Flutter
  - video_player (0.0.1):
    - Flutter
  - wakelock (0.0.1):
    - Flutter
  - webview_flutter (0.0.1):
    - Flutter
  - WechatOpenSDK (1.8.7.1)

DEPENDENCIES:
  - Flutter (from `Flutter`)
  - flutter_inappwebview (from `.symlinks/plugins/flutter_inappwebview/ios`)
  - flutter_native_image (from `.symlinks/plugins/flutter_native_image/ios`)
  - fluwx (from `.symlinks/plugins/fluwx/ios`)
  - image_picker (from `.symlinks/plugins/image_picker/ios`)
  - jmlink_flutter_plugin (from `.symlinks/plugins/jmlink_flutter_plugin/ios`)
  - jpush_flutter (from `.symlinks/plugins/jpush_flutter/ios`)
  - package_info (from `.symlinks/plugins/package_info/ios`)
  - path_provider (from `.symlinks/plugins/path_provider/ios`)
  - permission_handler (from `.symlinks/plugins/permission_handler/ios`)
  - shared_preferences (from `.symlinks/plugins/shared_preferences/ios`)
  - syncfusion_flutter_pdfviewer (from `.symlinks/plugins/syncfusion_flutter_pdfviewer/ios`)
  - url_launcher (from `.symlinks/plugins/url_launcher/ios`)
  - video_player (from `.symlinks/plugins/video_player/ios`)
  - wakelock (from `.symlinks/plugins/wakelock/ios`)
  - webview_flutter (from `.symlinks/plugins/webview_flutter/ios`)

SPEC REPOS:
  trunk:
    - JCore
    - JMLink
    - JPush
    - OrderedSet
    - WechatOpenSDK

EXTERNAL SOURCES:
  Flutter:
    :path: Flutter
  flutter_inappwebview:
    :path: ".symlinks/plugins/flutter_inappwebview/ios"
  flutter_native_image:
    :path: ".symlinks/plugins/flutter_native_image/ios"
  fluwx:
    :path: ".symlinks/plugins/fluwx/ios"
  image_picker:
    :path: ".symlinks/plugins/image_picker/ios"
  jmlink_flutter_plugin:
    :path: ".symlinks/plugins/jmlink_flutter_plugin/ios"
  jpush_flutter:
    :path: ".symlinks/plugins/jpush_flutter/ios"
  package_info:
    :path: ".symlinks/plugins/package_info/ios"
  path_provider:
    :path: ".symlinks/plugins/path_provider/ios"
  permission_handler:
    :path: ".symlinks/plugins/permission_handler/ios"
  shared_preferences:
    :path: ".symlinks/plugins/shared_preferences/ios"
  syncfusion_flutter_pdfviewer:
    :path: ".symlinks/plugins/syncfusion_flutter_pdfviewer/ios"
  url_launcher:
    :path: ".symlinks/plugins/url_launcher/ios"
  video_player:
    :path: ".symlinks/plugins/video_player/ios"
  wakelock:
    :path: ".symlinks/plugins/wakelock/ios"
  webview_flutter:
    :path: ".symlinks/plugins/webview_flutter/ios"

SPEC CHECKSUMS:
  Flutter: 434fef37c0980e73bb6479ef766c45957d4b510c
  flutter_inappwebview: bfd58618f49dc62f2676de690fc6dcda1d6c3721
  flutter_native_image: 9c0b7451838484458e5b0fae007b86a4c2d4bdfe
  fluwx: 07a55ed66bf3a4961e836a2a411b02dcada32902
  image_picker: 50e7c7ff960e5f58faa4d1f4af84a771c671bc4a
  JCore: a29e4b0ee54e1301446dc02d8e1c350404108b34
  JMLink: dd30da1ef7f029734600b42d2a13626155dcfba5
  jmlink_flutter_plugin: 92746bb3d128a81599ee353e8d81e1c854b74fa9
  JPush: defaa108c38806f6efdcfaf4c416854d25fca8e5
  jpush_flutter: 364b245849348e05377d67295d0896ddd664a896
  OrderedSet: aaeb196f7fef5a9edf55d89760da9176ad40b93c
  package_info: 873975fc26034f0b863a300ad47e7f1ac6c7ec62
  path_provider: abfe2b5c733d04e238b0d8691db0cfd63a27a93c
  permission_handler: ccb20a9fad0ee9b1314a52b70b76b473c5f8dab0
  shared_preferences: af6bfa751691cdc24be3045c43ec037377ada40d
  syncfusion_flutter_pdfviewer: bb9998884b864cfedf72628df3503bdf57e397c0
  url_launcher: 6fef411d543ceb26efce54b05a0a40bfd74cbbef
  video_player: 9cc823b1d9da7e8427ee591e8438bfbcde500e6e
  wakelock: b0843b2479edbf6504d8d262c2959446f35373aa
  webview_flutter: 9f491a9b5a66f2573946a389b2677987b0ff8c0b
  WechatOpenSDK: 6a4d1436c15b3b5fe2a0bd383f3046010186da44

PODFILE CHECKSUM: 9c61c154375d7486282a0ab15347459953bebcbb

COCOAPODS: 1.11.3
